
Microsoft Visual Studio Solution File, Format Version 12.00
# Visual Studio Version 17
VisualStudioVersion = 17.4.33205.214
MinimumVisualStudioVersion = 10.0.40219.1
Project("{FAE04EC0-301F-11D3-BF4B-00C04F79EFBC}") = "TF-Csharp-OO-FS-Net", "TF-Csharp-OO-FS-Net\TF-Csharp-OO-FS-Net.csproj", "{4FFEBC40-AFDC-449D-A7F5-24035BF72848}"
EndProject
Global
	GlobalSection(SolutionConfigurationPlatforms) = preSolution
		Debug|Any CPU = Debug|Any CPU
		Release|Any CPU = Release|Any CPU
	EndGlobalSection
	GlobalSection(ProjectConfigurationPlatforms) = postSolution
		{4FFEBC40-AFDC-449D-A7F5-24035BF72848}.Debug|Any CPU.ActiveCfg = Debug|Any CPU
		{4FFEBC40-AFDC-449D-A7F5-24035BF72848}.Debug|Any CPU.Build.0 = Debug|Any CPU
		{4FFEBC40-AFDC-449D-A7F5-24035BF72848}.Release|Any CPU.ActiveCfg = Release|Any CPU
		{4FFEBC40-AFDC-449D-A7F5-24035BF72848}.Release|Any CPU.Build.0 = Release|Any CPU
	EndGlobalSection
	GlobalSection(SolutionProperties) = preSolution
		HideSolutionNode = FALSE
	EndGlobalSection
	GlobalSection(ExtensibilityGlobals) = postSolution
		SolutionGuid = {8E3379C1-9C5E-4772-90C1-F5CE845ED787}
	EndGlobalSection
EndGlobal
